// !$*UTF8*$!
{
	archiveVersion = 1;
	classes = {
	};
	objectVersion = 55;
	objects = {

/* Begin PBXBuildFile section */
		46BC21BC2932D2B300795335 /* Tests_iOS.swift in Sources */ = {isa = PBXBuildFile; fileRef = 46BC21BB2932D2B300795335 /* Tests_iOS.swift */; };
		46BC21BE2932D2B300795335 /* Tests_iOSLaunchTests.swift in Sources */ = {isa = PBXBuildFile; fileRef = 46BC21BD2932D2B300795335 /* Tests_iOSLaunchTests.swift */; };
		46BC21C82932D2B300795335 /* Tests_macOS.swift in Sources */ = {isa = PBXBuildFile; fileRef = 46BC21C72932D2B300795335 /* Tests_macOS.swift */; };
		46BC21CA2932D2B300795335 /* Tests_macOSLaunchTests.swift in Sources */ = {isa = PBXBuildFile; fileRef = 46BC21C92932D2B300795335 /* Tests_macOSLaunchTests.swift */; };
		46BC21CB2932D2B300795335 /* TesterApp.swift in Sources */ = {isa = PBXBuildFile; fileRef = 46BC21A32932D2B200795335 /* TesterApp.swift */; };
		46BC21CC2932D2B300795335 /* TesterApp.swift in Sources */ = {isa = PBXBuildFile; fileRef = 46BC21A32932D2B200795335 /* TesterApp.swift */; };
		46BC21CD2932D2B300795335 /* ContentView.swift in Sources */ = {isa = PBXBuildFile; fileRef = 46BC21A42932D2B200795335 /* ContentView.swift */; };
		46BC21CE2932D2B300795335 /* ContentView.swift in Sources */ = {isa = PBXBuildFile; fileRef = 46BC21A42932D2B200795335 /* ContentView.swift */; };
		46BC21CF2932D2B300795335 /* Assets.xcassets in Resources */ = {isa = PBXBuildFile; fileRef = 46BC21A52932D2B300795335 /* Assets.xcassets */; };
		46BC21D02932D2B300795335 /* Assets.xcassets in Resources */ = {isa = PBXBuildFile; fileRef = 46BC21A52932D2B300795335 /* Assets.xcassets */; };
		46BC21E02932D61A00795335 /* SpeechRecognizor.swift in Sources */ = {isa = PBXBuildFile; fileRef = 46BC21DF2932D61A00795335 /* SpeechRecognizor.swift */; };
		46BC21E12932D61A00795335 /* SpeechRecognizor.swift in Sources */ = {isa = PBXBuildFile; fileRef = 46BC21DF2932D61A00795335 /* SpeechRecognizor.swift */; };
		46F3DFAA2989E4F8007380CD /* StreamChatUI in Frameworks */ = {isa = PBXBuildFile; productRef = 46F3DFA92989E4F8007380CD /* StreamChatUI */; };
		46F3DFAC298A9BF1007380CD /* ActualInterface.swift in Sources */ = {isa = PBXBuildFile; fileRef = 46F3DFAB298A9BF1007380CD /* ActualInterface.swift */; };
		46F3DFAD298A9BF1007380CD /* ActualInterface.swift in Sources */ = {isa = PBXBuildFile; fileRef = 46F3DFAB298A9BF1007380CD /* ActualInterface.swift */; };
/* End PBXBuildFile section */

/* Begin PBXContainerItemProxy section */
		46BC21B82932D2B300795335 /* PBXContainerItemProxy */ = {
			isa = PBXContainerItemProxy;
			containerPortal = 46BC219E2932D2B200795335 /* Project object */;
			proxyType = 1;
			remoteGlobalIDString = 46BC21A92932D2B300795335;
			remoteInfo = "Tester (iOS)";
		};
		46BC21C42932D2B300795335 /* PBXContainerItemProxy */ = {
			isa = PBXContainerItemProxy;
			containerPortal = 46BC219E2932D2B200795335 /* Project object */;
			proxyType = 1;
			remoteGlobalIDString = 46BC21AF2932D2B300795335;
			remoteInfo = "Tester (macOS)";
		};
/* End PBXContainerItemProxy section */

/* Begin PBXFileReference section */
		46BC21A32932D2B200795335 /* TesterApp.swift */ = {isa = PBXFileReference; lastKnownFileType = sourcecode.swift; path = TesterApp.swift; sourceTree = "<group>"; };
		46BC21A42932D2B200795335 /* ContentView.swift */ = {isa = PBXFileReference; lastKnownFileType = sourcecode.swift; path = ContentView.swift; sourceTree = "<group>"; };
		46BC21A52932D2B300795335 /* Assets.xcassets */ = {isa = PBXFileReference; lastKnownFileType = folder.assetcatalog; path = Assets.xcassets; sourceTree = "<group>"; };
		46BC21AA2932D2B300795335 /* Tester.app */ = {isa = PBXFileReference; explicitFileType = wrapper.application; includeInIndex = 0; path = Tester.app; sourceTree = BUILT_PRODUCTS_DIR; };
		46BC21B02932D2B300795335 /* Tester.app */ = {isa = PBXFileReference; explicitFileType = wrapper.application; includeInIndex = 0; path = Tester.app; sourceTree = BUILT_PRODUCTS_DIR; };
		46BC21B22932D2B300795335 /* macOS.entitlements */ = {isa = PBXFileReference; lastKnownFileType = text.plist.entitlements; path = macOS.entitlements; sourceTree = "<group>"; };
		46BC21B72932D2B300795335 /* Tests iOS.xctest */ = {isa = PBXFileReference; explicitFileType = wrapper.cfbundle; includeInIndex = 0; path = "Tests iOS.xctest"; sourceTree = BUILT_PRODUCTS_DIR; };
		46BC21BB2932D2B300795335 /* Tests_iOS.swift */ = {isa = PBXFileReference; lastKnownFileType = sourcecode.swift; path = Tests_iOS.swift; sourceTree = "<group>"; };
		46BC21BD2932D2B300795335 /* Tests_iOSLaunchTests.swift */ = {isa = PBXFileReference; lastKnownFileType = sourcecode.swift; path = Tests_iOSLaunchTests.swift; sourceTree = "<group>"; };
		46BC21C32932D2B300795335 /* Tests macOS.xctest */ = {isa = PBXFileReference; explicitFileType = wrapper.cfbundle; includeInIndex = 0; path = "Tests macOS.xctest"; sourceTree = BUILT_PRODUCTS_DIR; };
		46BC21C72932D2B300795335 /* Tests_macOS.swift */ = {isa = PBXFileReference; lastKnownFileType = sourcecode.swift; path = Tests_macOS.swift; sourceTree = "<group>"; };
		46BC21C92932D2B300795335 /* Tests_macOSLaunchTests.swift */ = {isa = PBXFileReference; lastKnownFileType = sourcecode.swift; path = Tests_macOSLaunchTests.swift; sourceTree = "<group>"; };
		46BC21DF2932D61A00795335 /* SpeechRecognizor.swift */ = {isa = PBXFileReference; lastKnownFileType = sourcecode.swift; path = SpeechRecognizor.swift; sourceTree = "<group>"; };
		46F3DFAB298A9BF1007380CD /* ActualInterface.swift */ = {isa = PBXFileReference; lastKnownFileType = sourcecode.swift; path = ActualInterface.swift; sourceTree = "<group>"; };
/* End PBXFileReference section */

/* Begin PBXFrameworksBuildPhase section */
		46BC21A72932D2B300795335 /* Frameworks */ = {
			isa = PBXFrameworksBuildPhase;
			buildActionMask = 2147483647;
			files = (
				46F3DFAA2989E4F8007380CD /* StreamChatUI in Frameworks */,
			);
			runOnlyForDeploymentPostprocessing = 0;
		};
		46BC21AD2932D2B300795335 /* Frameworks */ = {
			isa = PBXFrameworksBuildPhase;
			buildActionMask = 2147483647;
			files = (
			);
			runOnlyForDeploymentPostprocessing = 0;
		};
		46BC21B42932D2B300795335 /* Frameworks */ = {
			isa = PBXFrameworksBuildPhase;
			buildActionMask = 2147483647;
			files = (
			);
			runOnlyForDeploymentPostprocessing = 0;
		};
		46BC21C02932D2B300795335 /* Frameworks */ = {
			isa = PBXFrameworksBuildPhase;
			buildActionMask = 2147483647;
			files = (
			);
			runOnlyForDeploymentPostprocessing = 0;
		};
/* End PBXFrameworksBuildPhase section */

/* Begin PBXGroup section */
		46BC219D2932D2B200795335 = {
			isa = PBXGroup;
			children = (
				46BC21A22932D2B200795335 /* Shared */,
				46BC21B12932D2B300795335 /* macOS */,
				46BC21BA2932D2B300795335 /* Tests iOS */,
				46BC21C62932D2B300795335 /* Tests macOS */,
				46BC21AB2932D2B300795335 /* Products */,
			);
			sourceTree = "<group>";
		};
		46BC21A22932D2B200795335 /* Shared */ = {
			isa = PBXGroup;
			children = (
				46BC21A32932D2B200795335 /* TesterApp.swift */,
				46BC21A42932D2B200795335 /* ContentView.swift */,
				46F3DFAB298A9BF1007380CD /* ActualInterface.swift */,
				46BC21A52932D2B300795335 /* Assets.xcassets */,
				46BC21DF2932D61A00795335 /* SpeechRecognizor.swift */,
			);
			path = Shared;
			sourceTree = "<group>";
		};
		46BC21AB2932D2B300795335 /* Products */ = {
			isa = PBXGroup;
			children = (
				46BC21AA2932D2B300795335 /* Tester.app */,
				46BC21B02932D2B300795335 /* Tester.app */,
				46BC21B72932D2B300795335 /* Tests iOS.xctest */,
				46BC21C32932D2B300795335 /* Tests macOS.xctest */,
			);
			name = Products;
			sourceTree = "<group>";
		};
		46BC21B12932D2B300795335 /* macOS */ = {
			isa = PBXGroup;
			children = (
				46BC21B22932D2B300795335 /* macOS.entitlements */,
			);
			path = macOS;
			sourceTree = "<group>";
		};
		46BC21BA2932D2B300795335 /* Tests iOS */ = {
			isa = PBXGroup;
			children = (
				46BC21BB2932D2B300795335 /* Tests_iOS.swift */,
				46BC21BD2932D2B300795335 /* Tests_iOSLaunchTests.swift */,
			);
			path = "Tests iOS";
			sourceTree = "<group>";
		};
		46BC21C62932D2B300795335 /* Tests macOS */ = {
			isa = PBXGroup;
			children = (
				46BC21C72932D2B300795335 /* Tests_macOS.swift */,
				46BC21C92932D2B300795335 /* Tests_macOSLaunchTests.swift */,
			);
			path = "Tests macOS";
			sourceTree = "<group>";
		};
/* End PBXGroup section */

/* Begin PBXNativeTarget section */
		46BC21A92932D2B300795335 /* Tester (iOS) */ = {
			isa = PBXNativeTarget;
			buildConfigurationList = 46BC21D32932D2B300795335 /* Build configuration list for PBXNativeTarget "Tester (iOS)" */;
			buildPhases = (
				46BC21A62932D2B300795335 /* Sources */,
				46BC21A72932D2B300795335 /* Frameworks */,
				46BC21A82932D2B300795335 /* Resources */,
			);
			buildRules = (
			);
			dependencies = (
			);
			name = "Tester (iOS)";
			packageProductDependencies = (
				46F3DFA92989E4F8007380CD /* StreamChatUI */,
			);
			productName = "Tester (iOS)";
			productReference = 46BC21AA2932D2B300795335 /* Tester.app */;
			productType = "com.apple.product-type.application";
		};
		46BC21AF2932D2B300795335 /* Tester (macOS) */ = {
			isa = PBXNativeTarget;
			buildConfigurationList = 46BC21D62932D2B300795335 /* Build configuration list for PBXNativeTarget "Tester (macOS)" */;
			buildPhases = (
				46BC21AC2932D2B300795335 /* Sources */,
				46BC21AD2932D2B300795335 /* Frameworks */,
				46BC21AE2932D2B300795335 /* Resources */,
			);
			buildRules = (
			);
			dependencies = (
			);
			name = "Tester (macOS)";
			productName = "Tester (macOS)";
			productReference = 46BC21B02932D2B300795335 /* Tester.app */;
			productType = "com.apple.product-type.application";
		};
		46BC21B62932D2B300795335 /* Tests iOS */ = {
			isa = PBXNativeTarget;
			buildConfigurationList = 46BC21D92932D2B300795335 /* Build configuration list for PBXNativeTarget "Tests iOS" */;
			buildPhases = (
				46BC21B32932D2B300795335 /* Sources */,
				46BC21B42932D2B300795335 /* Frameworks */,
				46BC21B52932D2B300795335 /* Resources */,
			);
			buildRules = (
			);
			dependencies = (
				46BC21B92932D2B300795335 /* PBXTargetDependency */,
			);
			name = "Tests iOS";
			productName = "Tests iOS";
			productReference = 46BC21B72932D2B300795335 /* Tests iOS.xctest */;
			productType = "com.apple.product-type.bundle.ui-testing";
		};
		46BC21C22932D2B300795335 /* Tests macOS */ = {
			isa = PBXNativeTarget;
			buildConfigurationList = 46BC21DC2932D2B300795335 /* Build configuration list for PBXNativeTarget "Tests macOS" */;
			buildPhases = (
				46BC21BF2932D2B300795335 /* Sources */,
				46BC21C02932D2B300795335 /* Frameworks */,
				46BC21C12932D2B300795335 /* Resources */,
			);
			buildRules = (
			);
			dependencies = (
				46BC21C52932D2B300795335 /* PBXTargetDependency */,
			);
			name = "Tests macOS";
			productName = "Tests macOS";
			productReference = 46BC21C32932D2B300795335 /* Tests macOS.xctest */;
			productType = "com.apple.product-type.bundle.ui-testing";
		};
/* End PBXNativeTarget section */

/* Begin PBXProject section */
		46BC219E2932D2B200795335 /* Project object */ = {
			isa = PBXProject;
			attributes = {
				BuildIndependentTargetsInParallel = 1;
				LastSwiftUpdateCheck = 1340;
				LastUpgradeCheck = 1340;
				TargetAttributes = {
					46BC21A92932D2B300795335 = {
						CreatedOnToolsVersion = 13.4.1;
					};
					46BC21AF2932D2B300795335 = {
						CreatedOnToolsVersion = 13.4.1;
					};
					46BC21B62932D2B300795335 = {
						CreatedOnToolsVersion = 13.4.1;
						TestTargetID = 46BC21A92932D2B300795335;
					};
					46BC21C22932D2B300795335 = {
						CreatedOnToolsVersion = 13.4.1;
						TestTargetID = 46BC21AF2932D2B300795335;
					};
				};
			};
			buildConfigurationList = 46BC21A12932D2B200795335 /* Build configuration list for PBXProject "Tester" */;
			compatibilityVersion = "Xcode 13.0";
			developmentRegion = en;
			hasScannedForEncodings = 0;
			knownRegions = (
				en,
				Base,
			);
			mainGroup = 46BC219D2932D2B200795335;
			packageReferences = (
				46F3DFA82989E4F8007380CD /* XCRemoteSwiftPackageReference "stream-chat-swift" */,
			);
			productRefGroup = 46BC21AB2932D2B300795335 /* Products */;
			projectDirPath = "";
			projectRoot = "";
			targets = (
				46BC21A92932D2B300795335 /* Tester (iOS) */,
				46BC21AF2932D2B300795335 /* Tester (macOS) */,
				46BC21B62932D2B300795335 /* Tests iOS */,
				46BC21C22932D2B300795335 /* Tests macOS */,
			);
		};
/* End PBXProject section */

/* Begin PBXResourcesBuildPhase section */
		46BC21A82932D2B300795335 /* Resources */ = {
			isa = PBXResourcesBuildPhase;
			buildActionMask = 2147483647;
			files = (
				46BC21CF2932D2B300795335 /* Assets.xcassets in Resources */,
			);
			runOnlyForDeploymentPostprocessing = 0;
		};
		46BC21AE2932D2B300795335 /* Resources */ = {
			isa = PBXResourcesBuildPhase;
			buildActionMask = 2147483647;
			files = (
				46BC21D02932D2B300795335 /* Assets.xcassets in Resources */,
			);
			runOnlyForDeploymentPostprocessing = 0;
		};
		46BC21B52932D2B300795335 /* Resources */ = {
			isa = PBXResourcesBuildPhase;
			buildActionMask = 2147483647;
			files = (
			);
			runOnlyForDeploymentPostprocessing = 0;
		};
		46BC21C12932D2B300795335 /* Resources */ = {
			isa = PBXResourcesBuildPhase;
			buildActionMask = 2147483647;
			files = (
			);
			runOnlyForDeploymentPostprocessing = 0;
		};
/* End PBXResourcesBuildPhase section */

/* Begin PBXSourcesBuildPhase section */
		46BC21A62932D2B300795335 /* Sources */ = {
			isa = PBXSourcesBuildPhase;
			buildActionMask = 2147483647;
			files = (
				46BC21E02932D61A00795335 /* SpeechRecognizor.swift in Sources */,
				46BC21CD2932D2B300795335 /* ContentView.swift in Sources */,
				46BC21CB2932D2B300795335 /* TesterApp.swift in Sources */,
				46F3DFAC298A9BF1007380CD /* ActualInterface.swift in Sources */,
			);
			runOnlyForDeploymentPostprocessing = 0;
		};
		46BC21AC2932D2B300795335 /* Sources */ = {
			isa = PBXSourcesBuildPhase;
			buildActionMask = 2147483647;
			files = (
				46BC21E12932D61A00795335 /* SpeechRecognizor.swift in Sources */,
				46BC21CE2932D2B300795335 /* ContentView.swift in Sources */,
				46BC21CC2932D2B300795335 /* TesterApp.swift in Sources */,
				46F3DFAD298A9BF1007380CD /* ActualInterface.swift in Sources */,
			);
			runOnlyForDeploymentPostprocessing = 0;
		};
		46BC21B32932D2B300795335 /* Sources */ = {
			isa = PBXSourcesBuildPhase;
			buildActionMask = 2147483647;
			files = (
				46BC21BE2932D2B300795335 /* Tests_iOSLaunchTests.swift in Sources */,
				46BC21BC2932D2B300795335 /* Tests_iOS.swift in Sources */,
			);
			runOnlyForDeploymentPostprocessing = 0;
		};
		46BC21BF2932D2B300795335 /* Sources */ = {
			isa = PBXSourcesBuildPhase;
			buildActionMask = 2147483647;
			files = (
				46BC21CA2932D2B300795335 /* Tests_macOSLaunchTests.swift in Sources */,
				46BC21C82932D2B300795335 /* Tests_macOS.swift in Sources */,
			);
			runOnlyForDeploymentPostprocessing = 0;
		};
/* End PBXSourcesBuildPhase section */

/* Begin PBXTargetDependency section */
		46BC21B92932D2B300795335 /* PBXTargetDependency */ = {
			isa = PBXTargetDependency;
			target = 46BC21A92932D2B300795335 /* Tester (iOS) */;
			targetProxy = 46BC21B82932D2B300795335 /* PBXContainerItemProxy */;
		};
		46BC21C52932D2B300795335 /* PBXTargetDependency */ = {
			isa = PBXTargetDependency;
			target = 46BC21AF2932D2B300795335 /* Tester (macOS) */;
			targetProxy = 46BC21C42932D2B300795335 /* PBXContainerItemProxy */;
		};
/* End PBXTargetDependency section */

/* Begin XCBuildConfiguration section */
		46BC21D12932D2B300795335 /* Debug */ = {
			isa = XCBuildConfiguration;
			buildSettings = {
				ALWAYS_SEARCH_USER_PATHS = NO;
				CLANG_ANALYZER_NONNULL = YES;
				CLANG_ANALYZER_NUMBER_OBJECT_CONVERSION = YES_AGGRESSIVE;
				CLANG_CXX_LANGUAGE_STANDARD = "gnu++17";
				CLANG_ENABLE_MODULES = YES;
				CLANG_ENABLE_OBJC_ARC = YES;
				CLANG_ENABLE_OBJC_WEAK = YES;
				CLANG_WARN_BLOCK_CAPTURE_AUTORELEASING = YES;
				CLANG_WARN_BOOL_CONVERSION = YES;
				CLANG_WARN_COMMA = YES;
				CLANG_WARN_CONSTANT_CONVERSION = YES;
				CLANG_WARN_DEPRECATED_OBJC_IMPLEMENTATIONS = YES;
				CLANG_WARN_DIRECT_OBJC_ISA_USAGE = YES_ERROR;
				CLANG_WARN_DOCUMENTATION_COMMENTS = YES;
				CLANG_WARN_EMPTY_BODY = YES;
				CLANG_WARN_ENUM_CONVERSION = YES;
				CLANG_WARN_INFINITE_RECURSION = YES;
				CLANG_WARN_INT_CONVERSION = YES;
				CLANG_WARN_NON_LITERAL_NULL_CONVERSION = YES;
				CLANG_WARN_OBJC_IMPLICIT_RETAIN_SELF = YES;
				CLANG_WARN_OBJC_LITERAL_CONVERSION = YES;
				CLANG_WARN_OBJC_ROOT_CLASS = YES_ERROR;
				CLANG_WARN_QUOTED_INCLUDE_IN_FRAMEWORK_HEADER = YES;
				CLANG_WARN_RANGE_LOOP_ANALYSIS = YES;
				CLANG_WARN_STRICT_PROTOTYPES = YES;
				CLANG_WARN_SUSPICIOUS_MOVE = YES;
				CLANG_WARN_UNGUARDED_AVAILABILITY = YES_AGGRESSIVE;
				CLANG_WARN_UNREACHABLE_CODE = YES;
				CLANG_WARN__DUPLICATE_METHOD_MATCH = YES;
				COPY_PHASE_STRIP = NO;
				DEBUG_INFORMATION_FORMAT = dwarf;
				ENABLE_STRICT_OBJC_MSGSEND = YES;
				ENABLE_TESTABILITY = YES;
				GCC_C_LANGUAGE_STANDARD = gnu11;
				GCC_DYNAMIC_NO_PIC = NO;
				GCC_NO_COMMON_BLOCKS = YES;
				GCC_OPTIMIZATION_LEVEL = 0;
				GCC_PREPROCESSOR_DEFINITIONS = (
					"DEBUG=1",
					"$(inherited)",
				);
				GCC_WARN_64_TO_32_BIT_CONVERSION = YES;
				GCC_WARN_ABOUT_RETURN_TYPE = YES_ERROR;
				GCC_WARN_UNDECLARED_SELECTOR = YES;
				GCC_WARN_UNINITIALIZED_AUTOS = YES_AGGRESSIVE;
				GCC_WARN_UNUSED_FUNCTION = YES;
				GCC_WARN_UNUSED_VARIABLE = YES;
				MTL_ENABLE_DEBUG_INFO = INCLUDE_SOURCE;
				MTL_FAST_MATH = YES;
				ONLY_ACTIVE_ARCH = YES;
				SWIFT_ACTIVE_COMPILATION_CONDITIONS = DEBUG;
				SWIFT_OPTIMIZATION_LEVEL = "-Onone";
			};
			name = Debug;
		};
		46BC21D22932D2B300795335 /* Release */ = {
			isa = XCBuildConfiguration;
			buildSettings = {
				ALWAYS_SEARCH_USER_PATHS = NO;
				CLANG_ANALYZER_NONNULL = YES;
				CLANG_ANALYZER_NUMBER_OBJECT_CONVERSION = YES_AGGRESSIVE;
				CLANG_CXX_LANGUAGE_STANDARD = "gnu++17";
				CLANG_ENABLE_MODULES = YES;
				CLANG_ENABLE_OBJC_ARC = YES;
				CLANG_ENABLE_OBJC_WEAK = YES;
				CLANG_WARN_BLOCK_CAPTURE_AUTORELEASING = YES;
				CLANG_WARN_BOOL_CONVERSION = YES;
				CLANG_WARN_COMMA = YES;
				CLANG_WARN_CONSTANT_CONVERSION = YES;
				CLANG_WARN_DEPRECATED_OBJC_IMPLEMENTATIONS = YES;
				CLANG_WARN_DIRECT_OBJC_ISA_USAGE = YES_ERROR;
				CLANG_WARN_DOCUMENTATION_COMMENTS = YES;
				CLANG_WARN_EMPTY_BODY = YES;
				CLANG_WARN_ENUM_CONVERSION = YES;
				CLANG_WARN_INFINITE_RECURSION = YES;
				CLANG_WARN_INT_CONVERSION = YES;
				CLANG_WARN_NON_LITERAL_NULL_CONVERSION = YES;
				CLANG_WARN_OBJC_IMPLICIT_RETAIN_SELF = YES;
				CLANG_WARN_OBJC_LITERAL_CONVERSION = YES;
				CLANG_WARN_OBJC_ROOT_CLASS = YES_ERROR;
				CLANG_WARN_QUOTED_INCLUDE_IN_FRAMEWORK_HEADER = YES;
				CLANG_WARN_RANGE_LOOP_ANALYSIS = YES;
				CLANG_WARN_STRICT_PROTOTYPES = YES;
				CLANG_WARN_SUSPICIOUS_MOVE = YES;
				CLANG_WARN_UNGUARDED_AVAILABILITY = YES_AGGRESSIVE;
				CLANG_WARN_UNREACHABLE_CODE = YES;
				CLANG_WARN__DUPLICATE_METHOD_MATCH = YES;
				COPY_PHASE_STRIP = NO;
				DEBUG_INFORMATION_FORMAT = "dwarf-with-dsym";
				ENABLE_NS_ASSERTIONS = NO;
				ENABLE_STRICT_OBJC_MSGSEND = YES;
				GCC_C_LANGUAGE_STANDARD = gnu11;
				GCC_NO_COMMON_BLOCKS = YES;
				GCC_WARN_64_TO_32_BIT_CONVERSION = YES;
				GCC_WARN_ABOUT_RETURN_TYPE = YES_ERROR;
				GCC_WARN_UNDECLARED_SELECTOR = YES;
				GCC_WARN_UNINITIALIZED_AUTOS = YES_AGGRESSIVE;
				GCC_WARN_UNUSED_FUNCTION = YES;
				GCC_WARN_UNUSED_VARIABLE = YES;
				MTL_ENABLE_DEBUG_INFO = NO;
				MTL_FAST_MATH = YES;
				SWIFT_COMPILATION_MODE = wholemodule;
				SWIFT_OPTIMIZATION_LEVEL = "-O";
			};
			name = Release;
		};
		46BC21D42932D2B300795335 /* Debug */ = {
			isa = XCBuildConfiguration;
			buildSettings = {
				ASSETCATALOG_COMPILER_APPICON_NAME = AppIcon;
				ASSETCATALOG_COMPILER_GLOBAL_ACCENT_COLOR_NAME = AccentColor;
				CODE_SIGN_STYLE = Automatic;
				CURRENT_PROJECT_VERSION = 1;
				DEVELOPMENT_TEAM = D5LYM722T6;
				ENABLE_PREVIEWS = YES;
				GENERATE_INFOPLIST_FILE = YES;
				INFOPLIST_KEY_UIApplicationSceneManifest_Generation = YES;
				INFOPLIST_KEY_UIApplicationSupportsIndirectInputEvents = YES;
				INFOPLIST_KEY_UILaunchScreen_Generation = YES;
				INFOPLIST_KEY_UISupportedInterfaceOrientations_iPad = "UIInterfaceOrientationPortrait UIInterfaceOrientationPortraitUpsideDown UIInterfaceOrientationLandscapeLeft UIInterfaceOrientationLandscapeRight";
				INFOPLIST_KEY_UISupportedInterfaceOrientations_iPhone = "UIInterfaceOrientationPortrait UIInterfaceOrientationLandscapeLeft UIInterfaceOrientationLandscapeRight";
				IPHONEOS_DEPLOYMENT_TARGET = 15.5;
				LD_RUNPATH_SEARCH_PATHS = (
					"$(inherited)",
					"@executable_path/Frameworks",
				);
				MARKETING_VERSION = 1.0;
				PRODUCT_BUNDLE_IDENTIFIER = AZNR.Tester;
				PRODUCT_NAME = Tester;
				SDKROOT = iphoneos;
				SWIFT_EMIT_LOC_STRINGS = YES;
				SWIFT_VERSION = 5.0;
				TARGETED_DEVICE_FAMILY = "1,2";
			};
			name = Debug;
		};
		46BC21D52932D2B300795335 /* Release */ = {
			isa = XCBuildConfiguration;
			buildSettings = {
				ASSETCATALOG_COMPILER_APPICON_NAME = AppIcon;
				ASSETCATALOG_COMPILER_GLOBAL_ACCENT_COLOR_NAME = AccentColor;
				CODE_SIGN_STYLE = Automatic;
				CURRENT_PROJECT_VERSION = 1;
				DEVELOPMENT_TEAM = D5LYM722T6;
				ENABLE_PREVIEWS = YES;
				GENERATE_INFOPLIST_FILE = YES;
				INFOPLIST_KEY_UIApplicationSceneManifest_Generation = YES;
				INFOPLIST_KEY_UIApplicationSupportsIndirectInputEvents = YES;
				INFOPLIST_KEY_UILaunchScreen_Generation = YES;
				INFOPLIST_KEY_UISupportedInterfaceOrientations_iPad = "UIInterfaceOrientationPortrait UIInterfaceOrientationPortraitUpsideDown UIInterfaceOrientationLandscapeLeft UIInterfaceOrientationLandscapeRight";
				INFOPLIST_KEY_UISupportedInterfaceOrientations_iPhone = "UIInterfaceOrientationPortrait UIInterfaceOrientationLandscapeLeft UIInterfaceOrientationLandscapeRight";
				IPHONEOS_DEPLOYMENT_TARGET = 15.5;
				LD_RUNPATH_SEARCH_PATHS = (
					"$(inherited)",
					"@executable_path/Frameworks",
				);
				MARKETING_VERSION = 1.0;
				PRODUCT_BUNDLE_IDENTIFIER = AZNR.Tester;
				PRODUCT_NAME = Tester;
				SDKROOT = iphoneos;
				SWIFT_EMIT_LOC_STRINGS = YES;
				SWIFT_VERSION = 5.0;
				TARGETED_DEVICE_FAMILY = "1,2";
				VALIDATE_PRODUCT = YES;
			};
			name = Release;
		};
		46BC21D72932D2B300795335 /* Debug */ = {
			isa = XCBuildConfiguration;
			buildSettings = {
				ASSETCATALOG_COMPILER_APPICON_NAME = AppIcon;
				ASSETCATALOG_COMPILER_GLOBAL_ACCENT_COLOR_NAME = AccentColor;
				CODE_SIGN_ENTITLEMENTS = macOS/macOS.entitlements;
				CODE_SIGN_STYLE = Automatic;
				COMBINE_HIDPI_IMAGES = YES;
				CURRENT_PROJECT_VERSION = 1;
				DEVELOPMENT_TEAM = D5LYM722T6;
				ENABLE_HARDENED_RUNTIME = YES;
				ENABLE_PREVIEWS = YES;
				GENERATE_INFOPLIST_FILE = YES;
				INFOPLIST_KEY_NSHumanReadableCopyright = "";
				LD_RUNPATH_SEARCH_PATHS = (
					"$(inherited)",
					"@executable_path/../Frameworks",
				);
				MACOSX_DEPLOYMENT_TARGET = 12.2;
				MARKETING_VERSION = 1.0;
				PRODUCT_BUNDLE_IDENTIFIER = AZNR.Tester;
				PRODUCT_NAME = Tester;
				SDKROOT = macosx;
				SWIFT_EMIT_LOC_STRINGS = YES;
				SWIFT_VERSION = 5.0;
			};
			name = Debug;
		};
		46BC21D82932D2B300795335 /* Release */ = {
			isa = XCBuildConfiguration;
			buildSettings = {
				ASSETCATALOG_COMPILER_APPICON_NAME = AppIcon;
				ASSETCATALOG_COMPILER_GLOBAL_ACCENT_COLOR_NAME = AccentColor;
				CODE_SIGN_ENTITLEMENTS = macOS/macOS.entitlements;
				CODE_SIGN_STYLE = Automatic;
				COMBINE_HIDPI_IMAGES = YES;
				CURRENT_PROJECT_VERSION = 1;
				DEVELOPMENT_TEAM = D5LYM722T6;
				ENABLE_HARDENED_RUNTIME = YES;
				ENABLE_PREVIEWS = YES;
				GENERATE_INFOPLIST_FILE = YES;
				INFOPLIST_KEY_NSHumanReadableCopyright = "";
				LD_RUNPATH_SEARCH_PATHS = (
					"$(inherited)",
					"@executable_path/../Frameworks",
				);
				MACOSX_DEPLOYMENT_TARGET = 12.2;
				MARKETING_VERSION = 1.0;
				PRODUCT_BUNDLE_IDENTIFIER = AZNR.Tester;
				PRODUCT_NAME = Tester;
				SDKROOT = macosx;
				SWIFT_EMIT_LOC_STRINGS = YES;
				SWIFT_VERSION = 5.0;
			};
			name = Release;
		};
		46BC21DA2932D2B300795335 /* Debug */ = {
			isa = XCBuildConfiguration;
			buildSettings = {
				ALWAYS_EMBED_SWIFT_STANDARD_LIBRARIES = YES;
				CODE_SIGN_STYLE = Automatic;
				CURRENT_PROJECT_VERSION = 1;
				DEVELOPMENT_TEAM = D5LYM722T6;
				GENERATE_INFOPLIST_FILE = YES;
				IPHONEOS_DEPLOYMENT_TARGET = 15.5;
				MARKETING_VERSION = 1.0;
				PRODUCT_BUNDLE_IDENTIFIER = "AZNR.Tests-iOS";
				PRODUCT_NAME = "$(TARGET_NAME)";
				SDKROOT = iphoneos;
				SWIFT_EMIT_LOC_STRINGS = NO;
				SWIFT_VERSION = 5.0;
				TARGETED_DEVICE_FAMILY = "1,2";
				TEST_TARGET_NAME = "Tester (iOS)";
			};
			name = Debug;
		};
		46BC21DB2932D2B300795335 /* Release */ = {
			isa = XCBuildConfiguration;
			buildSettings = {
				ALWAYS_EMBED_SWIFT_STANDARD_LIBRARIES = YES;
				CODE_SIGN_STYLE = Automatic;
				CURRENT_PROJECT_VERSION = 1;
				DEVELOPMENT_TEAM = D5LYM722T6;
				GENERATE_INFOPLIST_FILE = YES;
				IPHONEOS_DEPLOYMENT_TARGET = 15.5;
				MARKETING_VERSION = 1.0;
				PRODUCT_BUNDLE_IDENTIFIER = "AZNR.Tests-iOS";
				PRODUCT_NAME = "$(TARGET_NAME)";
				SDKROOT = iphoneos;
				SWIFT_EMIT_LOC_STRINGS = NO;
				SWIFT_VERSION = 5.0;
				TARGETED_DEVICE_FAMILY = "1,2";
				TEST_TARGET_NAME = "Tester (iOS)";
				VALIDATE_PRODUCT = YES;
			};
			name = Release;
		};
		46BC21DD2932D2B300795335 /* Debug */ = {
			isa = XCBuildConfiguration;
			buildSettings = {
				ALWAYS_EMBED_SWIFT_STANDARD_LIBRARIES = YES;
				CODE_SIGN_STYLE = Automatic;
				CURRENT_PROJECT_VERSION = 1;
				DEVELOPMENT_TEAM = D5LYM722T6;
				GENERATE_INFOPLIST_FILE = YES;
				MACOSX_DEPLOYMENT_TARGET = 12.2;
				MARKETING_VERSION = 1.0;
				PRODUCT_BUNDLE_IDENTIFIER = "AZNR.Tests-macOS";
				PRODUCT_NAME = "$(TARGET_NAME)";
				SDKROOT = macosx;
				SWIFT_EMIT_LOC_STRINGS = NO;
				SWIFT_VERSION = 5.0;
				TEST_TARGET_NAME = "Tester (macOS)";
			};
			name = Debug;
		};
		46BC21DE2932D2B300795335 /* Release */ = {
			isa = XCBuildConfiguration;
			buildSettings = {
				ALWAYS_EMBED_SWIFT_STANDARD_LIBRARIES = YES;
				CODE_SIGN_STYLE = Automatic;
				CURRENT_PROJECT_VERSION = 1;
				DEVELOPMENT_TEAM = D5LYM722T6;
				GENERATE_INFOPLIST_FILE = YES;
				MACOSX_DEPLOYMENT_TARGET = 12.2;
				MARKETING_VERSION = 1.0;
				PRODUCT_BUNDLE_IDENTIFIER = "AZNR.Tests-macOS";
				PRODUCT_NAME = "$(TARGET_NAME)";
				SDKROOT = macosx;
				SWIFT_EMIT_LOC_STRINGS = NO;
				SWIFT_VERSION = 5.0;
				TEST_TARGET_NAME = "Tester (macOS)";
			};
			name = Release;
		};
/* End XCBuildConfiguration section */

/* Begin XCConfigurationList section */
		46BC21A12932D2B200795335 /* Build configuration list for PBXProject "Tester" */ = {
			isa = XCConfigurationList;
			buildConfigurations = (
				46BC21D12932D2B300795335 /* Debug */,
				46BC21D22932D2B300795335 /* Release */,
			);
			defaultConfigurationIsVisible = 0;
			defaultConfigurationName = Release;
		};
		46BC21D32932D2B300795335 /* Build configuration list for PBXNativeTarget "Tester (iOS)" */ = {
			isa = XCConfigurationList;
			buildConfigurations = (
				46BC21D42932D2B300795335 /* Debug */,
				46BC21D52932D2B300795335 /* Release */,
			);
			defaultConfigurationIsVisible = 0;
			defaultConfigurationName = Release;
		};
		46BC21D62932D2B300795335 /* Build configuration list for PBXNativeTarget "Tester (macOS)" */ = {
			isa = XCConfigurationList;
			buildConfigurations = (
				46BC21D72932D2B300795335 /* Debug */,
				46BC21D82932D2B300795335 /* Release */,
			);
			defaultConfigurationIsVisible = 0;
			defaultConfigurationName = Release;
		};
		46BC21D92932D2B300795335 /* Build configuration list for PBXNativeTarget "Tests iOS" */ = {
			isa = XCConfigurationList;
			buildConfigurations = (
				46BC21DA2932D2B300795335 /* Debug */,
				46BC21DB2932D2B300795335 /* Release */,
			);
			defaultConfigurationIsVisible = 0;
			defaultConfigurationName = Release;
		};
		46BC21DC2932D2B300795335 /* Build configuration list for PBXNativeTarget "Tests macOS" */ = {
			isa = XCConfigurationList;
			buildConfigurations = (
				46BC21DD2932D2B300795335 /* Debug */,
				46BC21DE2932D2B300795335 /* Release */,
			);
			defaultConfigurationIsVisible = 0;
			defaultConfigurationName = Release;
		};
/* End XCConfigurationList section */

/* Begin XCRemoteSwiftPackageReference section */
		46F3DFA82989E4F8007380CD /* XCRemoteSwiftPackageReference "stream-chat-swift" */ = {
			isa = XCRemoteSwiftPackageReference;
			repositoryURL = "https://github.com/getstream/stream-chat-swift";
			requirement = {
				kind = upToNextMajorVersion;
				minimumVersion = 4.0.0;
			};
		};
/* End XCRemoteSwiftPackageReference section */

/* Begin XCSwiftPackageProductDependency section */
		46F3DFA92989E4F8007380CD /* StreamChatUI */ = {
			isa = XCSwiftPackageProductDependency;
			package = 46F3DFA82989E4F8007380CD /* XCRemoteSwiftPackageReference "stream-chat-swift" */;
			productName = StreamChatUI;
		};
/* End XCSwiftPackageProductDependency section */
	};
	rootObject = 46BC219E2932D2B200795335 /* Project object */;
}
